
Microsoft Visual Studio Solution File, Format Version 12.00
# Visual Studio Version 17
VisualStudioVersion = 17.9.34622.214
MinimumVisualStudioVersion = 10.0.40219.1
Project("{FAE04EC0-301F-11D3-BF4B-00C04F79EFBC}") = "StudentManagementSystem", "StudentManagementSystem\StudentManagementSystem.csproj", "{8C4481A0-922D-4FCA-837B-9FFC830CBFF7}"
EndProject
Global
	GlobalSection(SolutionConfigurationPlatforms) = preSolution
		Debug|Any CPU = Debug|Any CPU
		Release|Any CPU = Release|Any CPU
	EndGlobalSection
	GlobalSection(ProjectConfigurationPlatforms) = postSolution
		{8C4481A0-922D-4FCA-837B-9FFC830CBFF7}.Debug|Any CPU.ActiveCfg = Debug|Any CPU
		{8C4481A0-922D-4FCA-837B-9FFC830CBFF7}.Debug|Any CPU.Build.0 = Debug|Any CPU
		{8C4481A0-922D-4FCA-837B-9FFC830CBFF7}.Release|Any CPU.ActiveCfg = Release|Any CPU
		{8C4481A0-922D-4FCA-837B-9FFC830CBFF7}.Release|Any CPU.Build.0 = Release|Any CPU
	EndGlobalSection
	GlobalSection(SolutionProperties) = preSolution
		HideSolutionNode = FALSE
	EndGlobalSection
	GlobalSection(ExtensibilityGlobals) = postSolution
		SolutionGuid = {5CE83B6C-9BF0-478A-B0EC-DD316D17C6B0}
	EndGlobalSection
EndGlobal
